
Microsoft Visual Studio Solution File, Format Version 12.00
# Visual Studio Version 16
VisualStudioVersion = 16.0.29926.136
MinimumVisualStudioVersion = 10.0.40219.1
Project("{FAE04EC0-301F-11D3-BF4B-00C04F79EFBC}") = "WPFUI", "WPFUI\WPFUI.csproj", "{FC982746-58EF-4FB1-B173-E5E41AD67887}"
EndProject
Project("{FAE04EC0-301F-11D3-BF4B-00C04F79EFBC}") = "DemoLibrary", "DemoLibrary\DemoLibrary.csproj", "{A03561C6-71F9-433C-84B3-590B3954CCBF}"
EndProject
Global
	GlobalSection(SolutionConfigurationPlatforms) = preSolution
		Debug|Any CPU = Debug|Any CPU
		Release|Any CPU = Release|Any CPU
	EndGlobalSection
	GlobalSection(ProjectConfigurationPlatforms) = postSolution
		{FC982746-58EF-4FB1-B173-E5E41AD67887}.Debug|Any CPU.ActiveCfg = Debug|Any CPU
		{FC982746-58EF-4FB1-B173-E5E41AD67887}.Debug|Any CPU.Build.0 = Debug|Any CPU
		{FC982746-58EF-4FB1-B173-E5E41AD67887}.Release|Any CPU.ActiveCfg = Release|Any CPU
		{FC982746-58EF-4FB1-B173-E5E41AD67887}.Release|Any CPU.Build.0 = Release|Any CPU
		{A03561C6-71F9-433C-84B3-590B3954CCBF}.Debug|Any CPU.ActiveCfg = Debug|Any CPU
		{A03561C6-71F9-433C-84B3-590B3954CCBF}.Debug|Any CPU.Build.0 = Debug|Any CPU
		{A03561C6-71F9-433C-84B3-590B3954CCBF}.Release|Any CPU.ActiveCfg = Release|Any CPU
		{A03561C6-71F9-433C-84B3-590B3954CCBF}.Release|Any CPU.Build.0 = Release|Any CPU
	EndGlobalSection
	GlobalSection(SolutionProperties) = preSolution
		HideSolutionNode = FALSE
	EndGlobalSection
	GlobalSection(ExtensibilityGlobals) = postSolution
		SolutionGuid = {6A05AD08-EE04-44D8-A31E-C614A75DB84E}
	EndGlobalSection
EndGlobal
